# This file is generated by running "yarn install" inside your project.
# Manual changes might be lost - proceed with caution!

__metadata:
  version: 7
  cacheKey: 9

"@socialgouv/parse-manifests@npm:^1.13.7":
  version: 1.13.7
  resolution: "@socialgouv/parse-manifests@npm:1.13.7"
  dependencies:
    get-stdin: "npm:^9.0.0"
    yaml: "npm:^1.10.2"
  bin:
    parse-manifests: bin/index.js
  checksum: b707b48b56c564c34ca7abac73d83992e3d77014de4c87bd55ac5a8eadbf22e507cc182daedbe528381e4c58166fe2def14afdc1a2f1025a752c62bd2fa087b7
  languageName: node
  linkType: hard

"get-stdin@npm:^9.0.0":
  version: 9.0.0
  resolution: "get-stdin@npm:9.0.0"
  checksum: 3adee5758c111b3432b2855cba6af7d342a679330a85867bf076bfc51b03f8747f34a5057f33e4a8909af4589acdc909a28eda82b3a4050b88e1d400696b6efe
  languageName: node
  linkType: hard

"yaml@npm:^1.10.2":
  version: 1.10.2
  resolution: "yaml@npm:1.10.2"
  checksum: d6f04384bdf1105256581aef39991f825e358f3f48f081974b0e0f39ff5240c60ccafb5842cb79d1287517efa2b9ee172c702f2e4855ba6cc46948b40a43aa6e
  languageName: node
  linkType: hard

"~fabrique@workspace:.":
  version: 0.0.0-use.local
  resolution: "~fabrique@workspace:."
  dependencies:
    "@socialgouv/parse-manifests": "npm:^1.13.7"
  languageName: unknown
  linkType: soft
