# This file is generated by running "yarn install" inside your project.
# Manual changes might be lost - proceed with caution!

__metadata:
  version: 7
  cacheKey: 9

"async-retry@npm:^1.3.3":
  version: 1.3.3
  resolution: "async-retry@npm:1.3.3"
  dependencies:
    retry: "npm:0.13.1"
  checksum: 386075c0d73135a742de0f95e5bcb9aa051d51b578066d8e105bc6a6e36c566071b14114637a369e172f6207b429c706b16c7f39b4240af71edc29ce0339abcf
  languageName: node
  linkType: hard

"asynckit@npm:^0.4.0":
  version: 0.4.0
  resolution: "asynckit@npm:0.4.0"
  checksum: e4d1381289f9effe69a4dbc18e8b4e2059113dfb23634d0f4064226042870dbc53175fbf261f982d055fa2952163a8b7608781ea58314a17bb6a2cd6815af4f1
  languageName: node
  linkType: hard

"axios@npm:^0.27.2":
  version: 0.27.2
  resolution: "axios@npm:0.27.2"
  dependencies:
    follow-redirects: "npm:^1.14.9"
    form-data: "npm:^4.0.0"
  checksum: 4cd898afe90caaf05307fc5a0da4c61012493b6bfd4937fff9774455c01d368db583b17c4737e73853f149b32e615487930b491661682a1f69a1973b1f533bb7
  languageName: node
  linkType: hard

"combined-stream@npm:^1.0.8":
  version: 1.0.8
  resolution: "combined-stream@npm:1.0.8"
  dependencies:
    delayed-stream: "npm:~1.0.0"
  checksum: c3224efc798a4f2066ff2f65c28d60b48ec73b38bf76331ecc61814875cc5c8a93beccc268ca08aaa98a141c262de5787d68685b6682b8b67ad2dadb8bd2ddd2
  languageName: node
  linkType: hard

"delayed-stream@npm:~1.0.0":
  version: 1.0.0
  resolution: "delayed-stream@npm:1.0.0"
  checksum: 22f11ed342773dbc427e84d5a972e5c67fc34a44bf80eead5a41d8697c9303ae32991e568921cbd82553deeb1b33f3d6ecc148bf0efe3789589c8cb7b0e1a53a
  languageName: node
  linkType: hard

"follow-redirects@npm:^1.14.9":
  version: 1.15.1
  resolution: "follow-redirects@npm:1.15.1"
  peerDependenciesMeta:
    debug:
      optional: true
  checksum: 1f3e06bfb5c5351456e4fdb9197aa09158452d6400a06240a80204708b7a68f1bb47d6e94127112844136f66ad3283f9c92fa3c5c76aa96db8bd44214ea922b8
  languageName: node
  linkType: hard

"form-data@npm:^4.0.0":
  version: 4.0.0
  resolution: "form-data@npm:4.0.0"
  dependencies:
    asynckit: "npm:^0.4.0"
    combined-stream: "npm:^1.0.8"
    mime-types: "npm:^2.1.12"
  checksum: de37c5684d843842d2cc2bc44a975d9fecdf1df30d061c90b62fc0caeeeeb45794bceaba7aa52ee5eae8ede01ba44215b26c58f41cf64271c513787b7241fce4
  languageName: node
  linkType: hard

"mime-db@npm:1.52.0":
  version: 1.52.0
  resolution: "mime-db@npm:1.52.0"
  checksum: 95baf687a3f14ff2cc433e30dea5c4931c7f4b67059d44a0098cfb833858cad63ec13c20f98762bddd088c4e9dac6d95862db1ea9d3fe3fa68f57b69a325000d
  languageName: node
  linkType: hard

"mime-types@npm:^2.1.12":
  version: 2.1.35
  resolution: "mime-types@npm:2.1.35"
  dependencies:
    mime-db: "npm:1.52.0"
  checksum: 51e3b38d1b1b83da082f7c29042bcb22036101346394696b7643ef5da27ebf6bf71643bd45225ee75e4ea2836213780efc8c3dcd2055c84b49eb0afc061419d0
  languageName: node
  linkType: hard

"retry@npm:0.13.1":
  version: 0.13.1
  resolution: "retry@npm:0.13.1"
  checksum: e26ac693801b9f84a369fe90800d844bbe7e4ae325b11496eef0fcb400d06a3f477e93701fc8ac99c110d893155f1e37fee6473b82e90c5ea5547076dac0af63
  languageName: node
  linkType: hard

"~fabrique@workspace:.":
  version: 0.0.0-use.local
  resolution: "~fabrique@workspace:."
  dependencies:
    async-retry: "npm:^1.3.3"
    axios: "npm:^0.27.2"
  languageName: unknown
  linkType: soft
