# This file is generated by running "yarn install" inside your project.
# Manual changes might be lost - proceed with caution!

__metadata:
  version: 6
  cacheKey: 8

"hashed-release-name@npm:^1.0.1":
  version: 1.0.1
  resolution: "hashed-release-name@npm:1.0.1"
  dependencies:
    lodash: ^4.17.5
    seed-random: ^2.2.0
  checksum: 678d907cd46fd451a3a57f530d474a7278fee384295a30729765ce05a01b292e1b65a97601a02912cdb24527353adc673334654d3d5bebe3e7665a37154c0b3c
  languageName: node
  linkType: hard

"kube-workflow-test-patches@workspace:.":
  version: 0.0.0-use.local
  resolution: "kube-workflow-test-patches@workspace:."
  dependencies:
    hashed-release-name: ^1.0.1
  languageName: unknown
  linkType: soft

"lodash@npm:^4.17.5":
  version: 4.17.21
  resolution: "lodash@npm:4.17.21"
  checksum: eb835a2e51d381e561e508ce932ea50a8e5a68f4ebdd771ea240d3048244a8d13658acbd502cd4829768c56f2e16bdd4340b9ea141297d472517b83868e677f7
  languageName: node
  linkType: hard

"seed-random@npm:^2.2.0":
  version: 2.2.0
  resolution: "seed-random@npm:2.2.0"
  checksum: 74ddfb956021ce08726e127da5f30f2b3a133e0e8dab995a69893e5441bd17472856abd8242125a12d7b1773360dda7c80b6f54d39a2fc3de99734e079c646dc
  languageName: node
  linkType: hard
