# This file is generated by running "yarn install" inside your project.
# Manual changes might be lost - proceed with caution!

__metadata:
  version: 7
  cacheKey: 9

"blakejs@npm:^1.1.0":
  version: 1.2.1
  resolution: "blakejs@npm:1.2.1"
  checksum: 8d9016a94fb8398694d519f6f0dff7effd09cdae656606ea31ecc8869d672c424f457c3ba62398e62c422348a130d3b9485e2d9d92eb261ca7ed91715c0ca9bd
  languageName: node
  linkType: hard

"tweetnacl@npm:^1.0.1":
  version: 1.0.3
  resolution: "tweetnacl@npm:1.0.3"
  checksum: e6d5730951ebcb2bf67874dd9f70de3e049a3c58d0b0bc5cc70e888fbd253f77e5bab00aea42fb71b605c42807542edda807f00ecdc29324f2154049fc5a341a
  languageName: node
  linkType: hard

"tweetsodium@npm:0.0.5":
  version: 0.0.5
  resolution: "tweetsodium@npm:0.0.5"
  dependencies:
    blakejs: "npm:^1.1.0"
    tweetnacl: "npm:^1.0.1"
  checksum: e2e0a2491c6126e7f096e60ad9192b32829adc7ceed560015eb9134bb8d09a864713d65ca206c7a0a6cf911fc8fe6c6e39be9b6147722ca232f6890042db0812
  languageName: node
  linkType: hard

"~github-snippets@workspace:.":
  version: 0.0.0-use.local
  resolution: "~github-snippets@workspace:."
  dependencies:
    tweetsodium: "npm:0.0.5"
  languageName: unknown
  linkType: soft
