# This file is generated by running "yarn install" inside your project.
# Manual changes might be lost - proceed with caution!

__metadata:
  version: 7
  cacheKey: 9

"async-retry@npm:^1.3.3":
  version: 1.3.3
  resolution: "async-retry@npm:1.3.3"
  dependencies:
    retry: "npm:0.13.1"
  checksum: 386075c0d73135a742de0f95e5bcb9aa051d51b578066d8e105bc6a6e36c566071b14114637a369e172f6207b429c706b16c7f39b4240af71edc29ce0339abcf
  languageName: node
  linkType: hard

"async@npm:^3.2.4":
  version: 3.2.4
  resolution: "async@npm:3.2.4"
  checksum: 9719e38d24e9922c255ee9ae925fb668ef52243f9866a1b59e423a3bb6150a886b3c37287348ceefa09cd3f6fa1a29dcc770eeb70642acb13674363b2d5b2b21
  languageName: node
  linkType: hard

"fs-extra@npm:^10.1.0":
  version: 10.1.0
  resolution: "fs-extra@npm:10.1.0"
  dependencies:
    graceful-fs: "npm:^4.2.0"
    jsonfile: "npm:^6.0.1"
    universalify: "npm:^2.0.0"
  checksum: c397c1bfbb8976afb6758a96b9d5781c179b01ec843caa9f6613b8d95d95e17229d1ba7132dd811e112df5f2537bce1f68a3c0a722decc345947f133921fa3b3
  languageName: node
  linkType: hard

"graceful-fs@npm:^4.1.6, graceful-fs@npm:^4.2.0":
  version: 4.2.10
  resolution: "graceful-fs@npm:4.2.10"
  checksum: 6b5f9b5aeaee0459b9c37bdbf9624f788703ce291d6bf2d7751f5003942e853f232ca613aec818d1ff7622379bc8b434c635bfda99db93e0b9b8da80ec3d844d
  languageName: node
  linkType: hard

"jsonfile@npm:^6.0.1":
  version: 6.1.0
  resolution: "jsonfile@npm:6.1.0"
  dependencies:
    graceful-fs: "npm:^4.1.6"
    universalify: "npm:^2.0.0"
  dependenciesMeta:
    graceful-fs:
      optional: true
  checksum: d1fe80d443f7b3257aef1ef918231c9cf8a57127f004f74232869dfa408188b6ccf9d8a6724f7dbf7a6797355969cacfe1f2a16779f4ec636999bfaa876c13b0
  languageName: node
  linkType: hard

"kubernetes-resource-parser@npm:^0.1.0":
  version: 0.1.0
  resolution: "kubernetes-resource-parser@npm:0.1.0"
  checksum: 1251283044b538a4dde7d19c7db37bd819ecff36eb9b2fb36b19fd4a548837e4e304e02d0e9a3925206fa8680dcb591216476e70fec5912cff3b8f15dfbb96c4
  languageName: node
  linkType: hard

"lodash.camelcase@npm:^4.3.0":
  version: 4.3.0
  resolution: "lodash.camelcase@npm:4.3.0"
  checksum: 773d36b52707814ad5b6880fe8ccefa1a490a69cb5d233b9600e00a310ef64b639f56760e383743ac06901f2c073ee4c317b19896397bf1cf94d1cbcf2706923
  languageName: node
  linkType: hard

"lodash.clonedeep@npm:^4.5.0":
  version: 4.5.0
  resolution: "lodash.clonedeep@npm:4.5.0"
  checksum: 0c14df1824c21e8387a8ee586a8f6bddf5c4592ab9eb20950d1bb6beac5a6d64fe48091da904152155da66a8e0b141ce3064fad2d4bd26634906a17118264286
  languageName: node
  linkType: hard

"lodash.defaults@npm:^4.2.0":
  version: 4.2.0
  resolution: "lodash.defaults@npm:4.2.0"
  checksum: 6ef1b158c3b00b1885abc4dbc4266863dcf4b978a433b7512191243a4ad029d44d9da2ef2c0cc08dc735b6091ff73434023877f8abc39882bd748ab4bda7e692
  languageName: node
  linkType: hard

"lodash.get@npm:^4.4.2":
  version: 4.4.2
  resolution: "lodash.get@npm:4.4.2"
  checksum: 779e6f3d2c59b82cfee2407abe0fb7f2cefb6eda9a23ffd7caa1390ebcd40697a03a46622294a10f99e9fc0197fb844f3c433400d67584d722aa46b606c43590
  languageName: node
  linkType: hard

"lodash.omit@npm:^4.5.0":
  version: 4.5.0
  resolution: "lodash.omit@npm:4.5.0"
  checksum: 877a363b41174a9a59efc00429a3f3c13729df9f78534ceb5859eea84af70bab21604d5839a1394648f92ebd168722b112018b1d7034906f9a234b1707e00190
  languageName: node
  linkType: hard

"lodash.pick@npm:^4.4.0":
  version: 4.4.0
  resolution: "lodash.pick@npm:4.4.0"
  checksum: b48b403749e80338291f4eb5dc669a45ea07032555dfd16f664f860b96fd5037549e1fe1d043a78b0bac54d6ca99ea4e86b8e8228a5c5b4a8dc8d1c1d7a45c6c
  languageName: node
  linkType: hard

"lodash.set@npm:^4.3.2":
  version: 4.3.2
  resolution: "lodash.set@npm:4.3.2"
  checksum: ab96f4cede88b54515e9f694da9e5b6d35b1fbf96c80d1023834d134f167ac9630690f0f1846827d07fcbf9ab622321a80acd5e0617bbb9b37806f48e02cc596
  languageName: node
  linkType: hard

"minimist@npm:^1.2.0":
  version: 1.2.7
  resolution: "minimist@npm:1.2.7"
  checksum: 7bb50119bb59f48228a834e293a566c4b0e1b6c4648db83fb88830b4f932bfeaca72158bcdcc8a74130b339167eda92ec4cabb65faf07ab8d32542889a451676
  languageName: node
  linkType: hard

"retry@npm:0.13.1":
  version: 0.13.1
  resolution: "retry@npm:0.13.1"
  checksum: e26ac693801b9f84a369fe90800d844bbe7e4ae325b11496eef0fcb400d06a3f477e93701fc8ac99c110d893155f1e37fee6473b82e90c5ea5547076dac0af63
  languageName: node
  linkType: hard

"slackstream@npm:^0.2.1":
  version: 0.2.1
  resolution: "slackstream@npm:0.2.1"
  dependencies:
    minimist: "npm:^1.2.0"
  bin:
    slackstream: ./index.js
  checksum: 87445819a1be3712f2bcd1a62970320d90f3eb82e3ac720a6ab6551ac94ede9e00f14634a36676889db5a71ab6ecdf1387e3d3c95d7ef53af4ed6febfa5002c6
  languageName: node
  linkType: hard

"universalify@npm:^2.0.0":
  version: 2.0.0
  resolution: "universalify@npm:2.0.0"
  checksum: 243b0697a640cda1912e62a79f9439ec24b937df9a9a47ee7dd5fe813c4547300a3dc346e0c7c10dbd925f54a19507e8de915f2562a5e694716bdcd0825d48f6
  languageName: node
  linkType: hard

"~fabrique@workspace:.":
  version: 0.0.0-use.local
  resolution: "~fabrique@workspace:."
  dependencies:
    async: "npm:^3.2.4"
    async-retry: "npm:^1.3.3"
    fs-extra: "npm:^10.1.0"
    kubernetes-resource-parser: "npm:^0.1.0"
    lodash.camelcase: "npm:^4.3.0"
    lodash.clonedeep: "npm:^4.5.0"
    lodash.defaults: "npm:^4.2.0"
    lodash.get: "npm:^4.4.2"
    lodash.omit: "npm:^4.5.0"
    lodash.pick: "npm:^4.4.0"
    lodash.set: "npm:^4.3.2"
    slackstream: "npm:^0.2.1"
  languageName: unknown
  linkType: soft
