# This file is generated by running "yarn install" inside your project.
# Manual changes might be lost - proceed with caution!

__metadata:
  version: 7
  cacheKey: 9

"@socialgouv/parse-manifests@npm:^1.14.1":
  version: 1.14.1
  resolution: "@socialgouv/parse-manifests@npm:1.14.1"
  dependencies:
    get-stdin: "npm:^9.0.0"
    yaml: "npm:^1.10.2"
  bin:
    parse-manifests: bin/index.js
  checksum: 6c13bb36336731cadef084af1e786a07623d9f74344bd8d9381d3648b641b3c2465d54f62e41b6a1279a9211c88b085db1e4363077da3ea1cca683be158ca5bb
  languageName: node
  linkType: hard

"async-retry@npm:^1.3.3":
  version: 1.3.3
  resolution: "async-retry@npm:1.3.3"
  dependencies:
    retry: "npm:0.13.1"
  checksum: 386075c0d73135a742de0f95e5bcb9aa051d51b578066d8e105bc6a6e36c566071b14114637a369e172f6207b429c706b16c7f39b4240af71edc29ce0339abcf
  languageName: node
  linkType: hard

"asynckit@npm:^0.4.0":
  version: 0.4.0
  resolution: "asynckit@npm:0.4.0"
  checksum: e4d1381289f9effe69a4dbc18e8b4e2059113dfb23634d0f4064226042870dbc53175fbf261f982d055fa2952163a8b7608781ea58314a17bb6a2cd6815af4f1
  languageName: node
  linkType: hard

"axios@npm:^0.27.2":
  version: 0.27.2
  resolution: "axios@npm:0.27.2"
  dependencies:
    follow-redirects: "npm:^1.14.9"
    form-data: "npm:^4.0.0"
  checksum: 4cd898afe90caaf05307fc5a0da4c61012493b6bfd4937fff9774455c01d368db583b17c4737e73853f149b32e615487930b491661682a1f69a1973b1f533bb7
  languageName: node
  linkType: hard

"braces@npm:^3.0.2":
  version: 3.0.2
  resolution: "braces@npm:3.0.2"
  dependencies:
    fill-range: "npm:^7.0.1"
  checksum: 1aa7f7f39e1dff23894196303515503dd945f36adcb78073ee067b421ecc595265556911183b24d1bc4e51011d3536d63d117cb4493e5123fcc7456596a93637
  languageName: node
  linkType: hard

"combined-stream@npm:^1.0.8":
  version: 1.0.8
  resolution: "combined-stream@npm:1.0.8"
  dependencies:
    delayed-stream: "npm:~1.0.0"
  checksum: c3224efc798a4f2066ff2f65c28d60b48ec73b38bf76331ecc61814875cc5c8a93beccc268ca08aaa98a141c262de5787d68685b6682b8b67ad2dadb8bd2ddd2
  languageName: node
  linkType: hard

"commander@npm:^2.8.1":
  version: 2.20.3
  resolution: "commander@npm:2.20.3"
  checksum: a6cb7ce73cc1db74a2da4bb6b4fc4f9a655ba35beb90f32bf5831d7d3be610dafc01dcc8a17f8204cf4e3f1f434d2115b7db56dfb0b827d42b10d1ba6ae8cbb4
  languageName: node
  linkType: hard

"delayed-stream@npm:~1.0.0":
  version: 1.0.0
  resolution: "delayed-stream@npm:1.0.0"
  checksum: 22f11ed342773dbc427e84d5a972e5c67fc34a44bf80eead5a41d8697c9303ae32991e568921cbd82553deeb1b33f3d6ecc148bf0efe3789589c8cb7b0e1a53a
  languageName: node
  linkType: hard

"fill-range@npm:^7.0.1":
  version: 7.0.1
  resolution: "fill-range@npm:7.0.1"
  dependencies:
    to-regex-range: "npm:^5.0.1"
  checksum: e5ccb299de8a12ea5dcef663f658933e2fbdf40aeab3e7e5af9132e82d7f6bdd0984ac2e122dc1825707f33917c308bc40b632b852331c900c317c5d64bb7bf0
  languageName: node
  linkType: hard

"follow-redirects@npm:^1.14.9":
  version: 1.15.1
  resolution: "follow-redirects@npm:1.15.1"
  peerDependenciesMeta:
    debug:
      optional: true
  checksum: 1f3e06bfb5c5351456e4fdb9197aa09158452d6400a06240a80204708b7a68f1bb47d6e94127112844136f66ad3283f9c92fa3c5c76aa96db8bd44214ea922b8
  languageName: node
  linkType: hard

"form-data@npm:^4.0.0":
  version: 4.0.0
  resolution: "form-data@npm:4.0.0"
  dependencies:
    asynckit: "npm:^0.4.0"
    combined-stream: "npm:^1.0.8"
    mime-types: "npm:^2.1.12"
  checksum: de37c5684d843842d2cc2bc44a975d9fecdf1df30d061c90b62fc0caeeeeb45794bceaba7aa52ee5eae8ede01ba44215b26c58f41cf64271c513787b7241fce4
  languageName: node
  linkType: hard

"fs-extra@npm:^10.1.0":
  version: 10.1.0
  resolution: "fs-extra@npm:10.1.0"
  dependencies:
    graceful-fs: "npm:^4.2.0"
    jsonfile: "npm:^6.0.1"
    universalify: "npm:^2.0.0"
  checksum: c397c1bfbb8976afb6758a96b9d5781c179b01ec843caa9f6613b8d95d95e17229d1ba7132dd811e112df5f2537bce1f68a3c0a722decc345947f133921fa3b3
  languageName: node
  linkType: hard

"get-stdin@npm:^9.0.0":
  version: 9.0.0
  resolution: "get-stdin@npm:9.0.0"
  checksum: 3adee5758c111b3432b2855cba6af7d342a679330a85867bf076bfc51b03f8747f34a5057f33e4a8909af4589acdc909a28eda82b3a4050b88e1d400696b6efe
  languageName: node
  linkType: hard

"graceful-fs@npm:^4.1.6, graceful-fs@npm:^4.2.0":
  version: 4.2.10
  resolution: "graceful-fs@npm:4.2.10"
  checksum: 6b5f9b5aeaee0459b9c37bdbf9624f788703ce291d6bf2d7751f5003942e853f232ca613aec818d1ff7622379bc8b434c635bfda99db93e0b9b8da80ec3d844d
  languageName: node
  linkType: hard

"is-number@npm:^7.0.0":
  version: 7.0.0
  resolution: "is-number@npm:7.0.0"
  checksum: 748df55ae14cc960b090a7611932940df9fa703b7e0fb4f73943b4eb94c4b5391f27ba3881fab8f5bf7a2f097490e812db0d58d05c92154e70fdf14f93d6fa95
  languageName: node
  linkType: hard

"jsonfile@npm:^6.0.1":
  version: 6.1.0
  resolution: "jsonfile@npm:6.1.0"
  dependencies:
    graceful-fs: "npm:^4.1.6"
    universalify: "npm:^2.0.0"
  dependenciesMeta:
    graceful-fs:
      optional: true
  checksum: d1fe80d443f7b3257aef1ef918231c9cf8a57127f004f74232869dfa408188b6ccf9d8a6724f7dbf7a6797355969cacfe1f2a16779f4ec636999bfaa876c13b0
  languageName: node
  linkType: hard

"lodash.camelcase@npm:^4.3.0":
  version: 4.3.0
  resolution: "lodash.camelcase@npm:4.3.0"
  checksum: 773d36b52707814ad5b6880fe8ccefa1a490a69cb5d233b9600e00a310ef64b639f56760e383743ac06901f2c073ee4c317b19896397bf1cf94d1cbcf2706923
  languageName: node
  linkType: hard

"lodash.clonedeep@npm:^4.5.0":
  version: 4.5.0
  resolution: "lodash.clonedeep@npm:4.5.0"
  checksum: 0c14df1824c21e8387a8ee586a8f6bddf5c4592ab9eb20950d1bb6beac5a6d64fe48091da904152155da66a8e0b141ce3064fad2d4bd26634906a17118264286
  languageName: node
  linkType: hard

"lodash.get@npm:^4.4.2":
  version: 4.4.2
  resolution: "lodash.get@npm:4.4.2"
  checksum: 779e6f3d2c59b82cfee2407abe0fb7f2cefb6eda9a23ffd7caa1390ebcd40697a03a46622294a10f99e9fc0197fb844f3c433400d67584d722aa46b606c43590
  languageName: node
  linkType: hard

"lodash.set@npm:^4.3.2":
  version: 4.3.2
  resolution: "lodash.set@npm:4.3.2"
  checksum: ab96f4cede88b54515e9f694da9e5b6d35b1fbf96c80d1023834d134f167ac9630690f0f1846827d07fcbf9ab622321a80acd5e0617bbb9b37806f48e02cc596
  languageName: node
  linkType: hard

"micromatch@npm:^4.0.5":
  version: 4.0.5
  resolution: "micromatch@npm:4.0.5"
  dependencies:
    braces: "npm:^3.0.2"
    picomatch: "npm:^2.3.1"
  checksum: 260305ba8cb1f073a39bbaa31edc93f7587399a094417541dc771402f83c78819ed76743c810c9fcf1c449f09bfb4de263dad8507d532e4e86063a87158a2ad6
  languageName: node
  linkType: hard

"mime-db@npm:1.52.0":
  version: 1.52.0
  resolution: "mime-db@npm:1.52.0"
  checksum: 95baf687a3f14ff2cc433e30dea5c4931c7f4b67059d44a0098cfb833858cad63ec13c20f98762bddd088c4e9dac6d95862db1ea9d3fe3fa68f57b69a325000d
  languageName: node
  linkType: hard

"mime-types@npm:^2.1.12":
  version: 2.1.35
  resolution: "mime-types@npm:2.1.35"
  dependencies:
    mime-db: "npm:1.52.0"
  checksum: 51e3b38d1b1b83da082f7c29042bcb22036101346394696b7643ef5da27ebf6bf71643bd45225ee75e4ea2836213780efc8c3dcd2055c84b49eb0afc061419d0
  languageName: node
  linkType: hard

"node-nailgun-client@npm:^0.1.0":
  version: 0.1.2
  resolution: "node-nailgun-client@npm:0.1.2"
  dependencies:
    commander: "npm:^2.8.1"
  bin:
    node-nailgun-client: index.js
  checksum: 6bc0af24071cd18855c5ae1c9222457d0fe632e1f1c683ef3483afed48c794f23c27f7f112dcc40947c62ac3d2a429e86670b7de702de1f791a7bb05911b3c96
  languageName: node
  linkType: hard

"node-nailgun-server@npm:^0.1.4":
  version: 0.1.4
  resolution: "node-nailgun-server@npm:0.1.4"
  dependencies:
    commander: "npm:^2.8.1"
  bin:
    node-nailgun-server: index.js
  checksum: 72afa0d712b8452361d44be6cf8ab5991f20b97de65fdaf7f1d1b86b3425d8491b7add89419dfc9ec2c8e3ed4879f8da777b09afed1b34d17b11e2e8e7c8833f
  languageName: node
  linkType: hard

"node-plantuml@git+https://github.com/betagouv/node-plantuml.git#master":
  version: 0.9.0
  resolution: "node-plantuml@https://github.com/betagouv/node-plantuml.git#commit=3138c77a08eb96b0d7500126d7d23f6235618628"
  dependencies:
    commander: "npm:^2.8.1"
    node-nailgun-client: "npm:^0.1.0"
    node-nailgun-server: "npm:^0.1.4"
    plantuml-encoder: "npm:^1.2.5"
  bin:
    puml: index.js
  checksum: ba5b2a30400980ff3fd5d583c98d5fc00243df5c12e72cb65c41f27194666d9f2bdb136ea25d088c71a6edc2dfdeea7d2df463d1a51b69e35b8321768c852d72
  languageName: node
  linkType: hard

"picomatch@npm:^2.3.1":
  version: 2.3.1
  resolution: "picomatch@npm:2.3.1"
  checksum: 6ba5938c24af2c5918e94b39aa0ad48d71f2c30634de69d46e0bd32feb666de4e909406db6ffb78f98d39ef450d6a41b6fa3954dc3659d7b2b750766c1261e5e
  languageName: node
  linkType: hard

"plantuml-encoder@npm:^1.2.5":
  version: 1.4.0
  resolution: "plantuml-encoder@npm:1.4.0"
  checksum: 1144dff1390ae5d91d2da9ed51469ab11f69cc5c49a55f36bf002acb7611b9fcc4595d926ccc9fe629c2dfbae35e765e43de1c99feb21301235bb508bb360c0d
  languageName: node
  linkType: hard

"puml@npm:^1.0.1":
  version: 1.0.1
  resolution: "puml@npm:1.0.1"
  bin:
    puml: ./src/puml.js
  checksum: 921022255f60302eaa6fdf38ea624ad3cd30b35a7bb39714f6ca2158d51755296124638edf36fd1263f66e89e0b33ce08652e80a2118159ad9767a57a2625a56
  languageName: node
  linkType: hard

"retry@npm:0.13.1":
  version: 0.13.1
  resolution: "retry@npm:0.13.1"
  checksum: e26ac693801b9f84a369fe90800d844bbe7e4ae325b11496eef0fcb400d06a3f477e93701fc8ac99c110d893155f1e37fee6473b82e90c5ea5547076dac0af63
  languageName: node
  linkType: hard

"to-regex-range@npm:^5.0.1":
  version: 5.0.1
  resolution: "to-regex-range@npm:5.0.1"
  dependencies:
    is-number: "npm:^7.0.0"
  checksum: 16564897c76bbd25bd3c375ee8d4b1fd3ac965fc4ab550ff034a1dddb53816ec06dc27095468394ad4de5978d5e831a9d1ae4cb31080dc4ebd9ba80a47dc1a4f
  languageName: node
  linkType: hard

"universalify@npm:^2.0.0":
  version: 2.0.0
  resolution: "universalify@npm:2.0.0"
  checksum: 243b0697a640cda1912e62a79f9439ec24b937df9a9a47ee7dd5fe813c4547300a3dc346e0c7c10dbd925f54a19507e8de915f2562a5e694716bdcd0825d48f6
  languageName: node
  linkType: hard

"yaml@npm:^1.10.2":
  version: 1.10.2
  resolution: "yaml@npm:1.10.2"
  checksum: d6f04384bdf1105256581aef39991f825e358f3f48f081974b0e0f39ff5240c60ccafb5842cb79d1287517efa2b9ee172c702f2e4855ba6cc46948b40a43aa6e
  languageName: node
  linkType: hard

"~fabrique@workspace:.":
  version: 0.0.0-use.local
  resolution: "~fabrique@workspace:."
  dependencies:
    "@socialgouv/parse-manifests": "npm:^1.14.1"
    async-retry: "npm:^1.3.3"
    axios: "npm:^0.27.2"
    fs-extra: "npm:^10.1.0"
    lodash.camelcase: "npm:^4.3.0"
    lodash.clonedeep: "npm:^4.5.0"
    lodash.get: "npm:^4.4.2"
    lodash.set: "npm:^4.3.2"
    micromatch: "npm:^4.0.5"
    node-plantuml: "git+https://github.com/betagouv/node-plantuml.git#master"
    puml: "npm:^1.0.1"
  languageName: unknown
  linkType: soft
