# This file is generated by running "yarn install" inside your project.
# Manual changes might be lost - proceed with caution!

__metadata:
  version: 7
  cacheKey: 9

"lodash.get@npm:^4.4.2":
  version: 4.4.2
  resolution: "lodash.get@npm:4.4.2"
  checksum: 779e6f3d2c59b82cfee2407abe0fb7f2cefb6eda9a23ffd7caa1390ebcd40697a03a46622294a10f99e9fc0197fb844f3c433400d67584d722aa46b606c43590
  languageName: node
  linkType: hard

"lodash.mergewith@npm:^4.6.2":
  version: 4.6.2
  resolution: "lodash.mergewith@npm:4.6.2"
  checksum: 4fe5a0a4bc0dcafea01c75e57a2eee0aaee07327a1cfd0618ff365b86a80e7e1172c2e61cb28ad0e4d96a332d65e53d75540c8701697add1b6f410afeabc0624
  languageName: node
  linkType: hard

"lodash.set@npm:^4.3.2":
  version: 4.3.2
  resolution: "lodash.set@npm:4.3.2"
  checksum: ab96f4cede88b54515e9f694da9e5b6d35b1fbf96c80d1023834d134f167ac9630690f0f1846827d07fcbf9ab622321a80acd5e0617bbb9b37806f48e02cc596
  languageName: node
  linkType: hard

"values-compilers@workspace:.":
  version: 0.0.0-use.local
  resolution: "values-compilers@workspace:."
  dependencies:
    lodash.get: "npm:^4.4.2"
    lodash.mergewith: "npm:^4.6.2"
    lodash.set: "npm:^4.3.2"
  languageName: unknown
  linkType: soft
