# This file is generated by running "yarn install" inside your project.
# Manual changes might be lost - proceed with caution!

__metadata:
  version: 7
  cacheKey: 9

"@socialgouv/parse-manifests@npm:^1.13.7":
  version: 1.13.7
  resolution: "@socialgouv/parse-manifests@npm:1.13.7"
  dependencies:
    get-stdin: "npm:^9.0.0"
    yaml: "npm:^1.10.2"
  bin:
    parse-manifests: bin/index.js
  checksum: b707b48b56c564c34ca7abac73d83992e3d77014de4c87bd55ac5a8eadbf22e507cc182daedbe528381e4c58166fe2def14afdc1a2f1025a752c62bd2fa087b7
  languageName: node
  linkType: hard

"commander@npm:^2.8.1":
  version: 2.20.3
  resolution: "commander@npm:2.20.3"
  checksum: a6cb7ce73cc1db74a2da4bb6b4fc4f9a655ba35beb90f32bf5831d7d3be610dafc01dcc8a17f8204cf4e3f1f434d2115b7db56dfb0b827d42b10d1ba6ae8cbb4
  languageName: node
  linkType: hard

"fs-extra@npm:^10.1.0":
  version: 10.1.0
  resolution: "fs-extra@npm:10.1.0"
  dependencies:
    graceful-fs: "npm:^4.2.0"
    jsonfile: "npm:^6.0.1"
    universalify: "npm:^2.0.0"
  checksum: c397c1bfbb8976afb6758a96b9d5781c179b01ec843caa9f6613b8d95d95e17229d1ba7132dd811e112df5f2537bce1f68a3c0a722decc345947f133921fa3b3
  languageName: node
  linkType: hard

"get-stdin@npm:^9.0.0":
  version: 9.0.0
  resolution: "get-stdin@npm:9.0.0"
  checksum: 3adee5758c111b3432b2855cba6af7d342a679330a85867bf076bfc51b03f8747f34a5057f33e4a8909af4589acdc909a28eda82b3a4050b88e1d400696b6efe
  languageName: node
  linkType: hard

"graceful-fs@npm:^4.1.6, graceful-fs@npm:^4.2.0":
  version: 4.2.10
  resolution: "graceful-fs@npm:4.2.10"
  checksum: 6b5f9b5aeaee0459b9c37bdbf9624f788703ce291d6bf2d7751f5003942e853f232ca613aec818d1ff7622379bc8b434c635bfda99db93e0b9b8da80ec3d844d
  languageName: node
  linkType: hard

"jsonfile@npm:^6.0.1":
  version: 6.1.0
  resolution: "jsonfile@npm:6.1.0"
  dependencies:
    graceful-fs: "npm:^4.1.6"
    universalify: "npm:^2.0.0"
  dependenciesMeta:
    graceful-fs:
      optional: true
  checksum: d1fe80d443f7b3257aef1ef918231c9cf8a57127f004f74232869dfa408188b6ccf9d8a6724f7dbf7a6797355969cacfe1f2a16779f4ec636999bfaa876c13b0
  languageName: node
  linkType: hard

"lodash.camelcase@npm:^4.3.0":
  version: 4.3.0
  resolution: "lodash.camelcase@npm:4.3.0"
  checksum: 773d36b52707814ad5b6880fe8ccefa1a490a69cb5d233b9600e00a310ef64b639f56760e383743ac06901f2c073ee4c317b19896397bf1cf94d1cbcf2706923
  languageName: node
  linkType: hard

"node-nailgun-client@npm:^0.1.0":
  version: 0.1.2
  resolution: "node-nailgun-client@npm:0.1.2"
  dependencies:
    commander: "npm:^2.8.1"
  bin:
    node-nailgun-client: index.js
  checksum: 6bc0af24071cd18855c5ae1c9222457d0fe632e1f1c683ef3483afed48c794f23c27f7f112dcc40947c62ac3d2a429e86670b7de702de1f791a7bb05911b3c96
  languageName: node
  linkType: hard

"node-nailgun-server@npm:^0.1.4":
  version: 0.1.4
  resolution: "node-nailgun-server@npm:0.1.4"
  dependencies:
    commander: "npm:^2.8.1"
  bin:
    node-nailgun-server: index.js
  checksum: 72afa0d712b8452361d44be6cf8ab5991f20b97de65fdaf7f1d1b86b3425d8491b7add89419dfc9ec2c8e3ed4879f8da777b09afed1b34d17b11e2e8e7c8833f
  languageName: node
  linkType: hard

"node-plantuml@git+https://github.com/betagouv/node-plantuml.git#master":
  version: 0.9.0
  resolution: "node-plantuml@https://github.com/betagouv/node-plantuml.git#commit=3138c77a08eb96b0d7500126d7d23f6235618628"
  dependencies:
    commander: "npm:^2.8.1"
    node-nailgun-client: "npm:^0.1.0"
    node-nailgun-server: "npm:^0.1.4"
    plantuml-encoder: "npm:^1.2.5"
  bin:
    puml: index.js
  checksum: ba5b2a30400980ff3fd5d583c98d5fc00243df5c12e72cb65c41f27194666d9f2bdb136ea25d088c71a6edc2dfdeea7d2df463d1a51b69e35b8321768c852d72
  languageName: node
  linkType: hard

"plantuml-encoder@npm:^1.2.5":
  version: 1.4.0
  resolution: "plantuml-encoder@npm:1.4.0"
  checksum: 1144dff1390ae5d91d2da9ed51469ab11f69cc5c49a55f36bf002acb7611b9fcc4595d926ccc9fe629c2dfbae35e765e43de1c99feb21301235bb508bb360c0d
  languageName: node
  linkType: hard

"puml@npm:^1.0.1":
  version: 1.0.1
  resolution: "puml@npm:1.0.1"
  bin:
    puml: ./src/puml.js
  checksum: 921022255f60302eaa6fdf38ea624ad3cd30b35a7bb39714f6ca2158d51755296124638edf36fd1263f66e89e0b33ce08652e80a2118159ad9767a57a2625a56
  languageName: node
  linkType: hard

"universalify@npm:^2.0.0":
  version: 2.0.0
  resolution: "universalify@npm:2.0.0"
  checksum: 243b0697a640cda1912e62a79f9439ec24b937df9a9a47ee7dd5fe813c4547300a3dc346e0c7c10dbd925f54a19507e8de915f2562a5e694716bdcd0825d48f6
  languageName: node
  linkType: hard

"yaml@npm:^1.10.2":
  version: 1.10.2
  resolution: "yaml@npm:1.10.2"
  checksum: d6f04384bdf1105256581aef39991f825e358f3f48f081974b0e0f39ff5240c60ccafb5842cb79d1287517efa2b9ee172c702f2e4855ba6cc46948b40a43aa6e
  languageName: node
  linkType: hard

"~recommended@workspace:.":
  version: 0.0.0-use.local
  resolution: "~recommended@workspace:."
  dependencies:
    "@socialgouv/parse-manifests": "npm:^1.13.7"
    fs-extra: "npm:^10.1.0"
    lodash.camelcase: "npm:^4.3.0"
    node-plantuml: "git+https://github.com/betagouv/node-plantuml.git#master"
    puml: "npm:^1.0.1"
  languageName: unknown
  linkType: soft
