# This file is generated by running "yarn install" inside your project.
# Manual changes might be lost - proceed with caution!

__metadata:
  version: 7
  cacheKey: 9

"agent-base@npm:6":
  version: 6.0.2
  resolution: "agent-base@npm:6.0.2"
  dependencies:
    debug: "npm:4"
  checksum: 2d0cdeccfe3058cb18661db3bcbb6cc092144eaecd7da3ee4321be0490d5654e53dbd08c28690d83f55f791b0369819f5872ee5122a2aad0a39edbc51798f01b
  languageName: node
  linkType: hard

"ansi-colors@npm:^4.1.1":
  version: 4.1.3
  resolution: "ansi-colors@npm:4.1.3"
  checksum: a185f33883845ae5e37481749adad1cf1abf86c41c3ad3ad4c5b951f911ecb4df6a802da9acd4329726fbed0a29a43ae5ae38d179b453bc33f59bfbbb69a5c38
  languageName: node
  linkType: hard

"argparse@npm:^2.0.1":
  version: 2.0.1
  resolution: "argparse@npm:2.0.1"
  checksum: e041432563aadcf1267e543c472a756aaf57bb020ee5280093fe3c59fdde30d8b434c8d3c83614610550572acd18198395e2c20a38b3041a400dfe551320e0fb
  languageName: node
  linkType: hard

"balanced-match@npm:^1.0.0":
  version: 1.0.2
  resolution: "balanced-match@npm:1.0.2"
  checksum: 9ca7fca1845f06edbd8478e209a2e8eed5bb148a021719e77affeaf0c61e45af20279e4540a9f11942acc27c078fc132ff0ebc9c16a403033cff5af3d8199f40
  languageName: node
  linkType: hard

"brace-expansion@npm:^1.1.7":
  version: 1.1.11
  resolution: "brace-expansion@npm:1.1.11"
  dependencies:
    balanced-match: "npm:^1.0.0"
    concat-map: "npm:0.0.1"
  checksum: 5ecc6da29cd3b4d49a832fd8e48f3a8b6ac058f82fe778eb6751ed30a206c5ec5171f6f632aa1946ffb4f8151136740803f620b15edca8437a9348cbb21a8ba8
  languageName: node
  linkType: hard

"chownr@npm:^2.0.0":
  version: 2.0.0
  resolution: "chownr@npm:2.0.0"
  checksum: 7b240ff920db951fd3841116c5e0e2ec4750e20c85cd044ea78f636202e1fa47ce0a20d48c3c912edc52ea0f1615aba37bdd6297d3a731b517647ed33c3dee09
  languageName: node
  linkType: hard

"colorette@npm:1.2.1":
  version: 1.2.1
  resolution: "colorette@npm:1.2.1"
  checksum: 3f535ec53fff34817368120f692be793d48ee36fe91e4072f25a6a4b63fd0ff536b9a4c836248d95f7c88a38f724b9ce784e27d383c4f2b8c1c05a2d032cbbc1
  languageName: node
  linkType: hard

"concat-map@npm:0.0.1":
  version: 0.0.1
  resolution: "concat-map@npm:0.0.1"
  checksum: 88222f18b3a68b71fe4473a146c8ed3315ec0488703104319c53543ad4668af3e79418ab79e2fa8032ee04c3eb45cc478815b89877a048cc5ba34e201bc15c35
  languageName: node
  linkType: hard

"debug@npm:4":
  version: 4.3.4
  resolution: "debug@npm:4.3.4"
  dependencies:
    ms: "npm:2.1.2"
  peerDependenciesMeta:
    supports-color:
      optional: true
  checksum: ab50d98b6f2a0e803379e8f789017f4215efd0e085774623e462c691e9f99bfd359a35f7424ff401da3ea58b31f89ceebc9ea35779b4a94f78b0ee3e235b6640
  languageName: node
  linkType: hard

"enquirer@npm:2.3.6":
  version: 2.3.6
  resolution: "enquirer@npm:2.3.6"
  dependencies:
    ansi-colors: "npm:^4.1.1"
  checksum: 41e3807cd4114ab988860b99038e9724adba119e23e1e99cdb55e96e39113ec1262c1d6b4367cc061396725d94dc843867fc1adfb17eaf9fe0d19eb741a424c8
  languageName: node
  linkType: hard

"fs-extra@npm:^10.1.0":
  version: 10.1.0
  resolution: "fs-extra@npm:10.1.0"
  dependencies:
    graceful-fs: "npm:^4.2.0"
    jsonfile: "npm:^6.0.1"
    universalify: "npm:^2.0.0"
  checksum: c397c1bfbb8976afb6758a96b9d5781c179b01ec843caa9f6613b8d95d95e17229d1ba7132dd811e112df5f2537bce1f68a3c0a722decc345947f133921fa3b3
  languageName: node
  linkType: hard

"fs-minipass@npm:^2.0.0":
  version: 2.1.0
  resolution: "fs-minipass@npm:2.1.0"
  dependencies:
    minipass: "npm:^3.0.0"
  checksum: 56d19f9a034cbef50b7fe846a71ab1a6a7ee7906205f9f18b7c9696e1f6d83c4d708a0196c65536f34e569205664840dd4f97f1286a26148a4c5bf74a67fe8db
  languageName: node
  linkType: hard

"fs.realpath@npm:^1.0.0":
  version: 1.0.0
  resolution: "fs.realpath@npm:1.0.0"
  checksum: 477fb3547134ce67d71531a19b2597028d2efaeced56a2fcb125ba9994a4204685d256795e4a5b68e5d866d11d8d0dd9050937cb44037beb4caeb3acb75602e2
  languageName: node
  linkType: hard

"fuzzysearch@npm:1.0.3":
  version: 1.0.3
  resolution: "fuzzysearch@npm:1.0.3"
  checksum: 56ea9c33f392b4fd4ba2cfd28578226204641eeb992cf59b6199d01ff5f09b30eeac6673aa8af9dcdcc80ab79219d6140ce8dcf3aa843c215d3fcc35ae7df86f
  languageName: node
  linkType: hard

"glob@npm:^7.1.3":
  version: 7.2.3
  resolution: "glob@npm:7.2.3"
  dependencies:
    fs.realpath: "npm:^1.0.0"
    inflight: "npm:^1.0.4"
    inherits: "npm:2"
    minimatch: "npm:^3.1.1"
    once: "npm:^1.3.0"
    path-is-absolute: "npm:^1.0.0"
  checksum: c55966a5db7ed2f30976a1490f3165f9d4e20ac7cabf01b55da4cc4f8f53a4c506e6f427e469c2fbf68636200871f3acf07e159ba6d9b65e7386216b98474a34
  languageName: node
  linkType: hard

"globalyzer@npm:0.1.0":
  version: 0.1.0
  resolution: "globalyzer@npm:0.1.0"
  checksum: e52e064b89ef5a42ce76b92a4919e518c80615c80839f7d214f51c96ce5945308147a422a11c853760fc7a9a41cf8cc8fb7813c5816f2808d8fd4c066d0805a9
  languageName: node
  linkType: hard

"globrex@npm:^0.1.2":
  version: 0.1.2
  resolution: "globrex@npm:0.1.2"
  checksum: e1f161f0e15cdfc29df57c8d3d8380063e7f0f8ea0322ae5fbec9fe14ebc62fd337d65a2d80a479faade7c7ef079e062eb11586e43016d0b6b5989bd2e7b1d1b
  languageName: node
  linkType: hard

"graceful-fs@npm:^4.1.3, graceful-fs@npm:^4.1.6, graceful-fs@npm:^4.2.0":
  version: 4.2.10
  resolution: "graceful-fs@npm:4.2.10"
  checksum: 6b5f9b5aeaee0459b9c37bdbf9624f788703ce291d6bf2d7751f5003942e853f232ca613aec818d1ff7622379bc8b434c635bfda99db93e0b9b8da80ec3d844d
  languageName: node
  linkType: hard

"home-or-tmp@npm:3.0.0":
  version: 3.0.0
  resolution: "home-or-tmp@npm:3.0.0"
  checksum: 7cde4145111ffb2a8fbdc7622e3b51ebfe83fd4eae1d8ca2f2a02f62922fa45c4a77453fcdcfb682bfc132e922fd733ddfa45e9c904867ab82b077120f60daa4
  languageName: node
  linkType: hard

"https-proxy-agent@npm:5.0.0":
  version: 5.0.0
  resolution: "https-proxy-agent@npm:5.0.0"
  dependencies:
    agent-base: "npm:6"
    debug: "npm:4"
  checksum: 77d11b0e2c164d1f63f689247551b821b67c3daa7f13fe2d0445989d9ad224f67f2af8ebda09599de3f4be490b343c82bb37024d8a669c004fd4f38dc12a4d23
  languageName: node
  linkType: hard

"inflight@npm:^1.0.4":
  version: 1.0.6
  resolution: "inflight@npm:1.0.6"
  dependencies:
    once: "npm:^1.3.0"
    wrappy: "npm:1"
  checksum: 40d0e5db34e05d49b9ad9ac678334269745644f73206862a8dee6e50ada1c8b3e70774ce28d5e6e3b03b7b868c9d9ae1edaf6eff253fc50209e4c69decad1811
  languageName: node
  linkType: hard

"inherits@npm:2":
  version: 2.0.4
  resolution: "inherits@npm:2.0.4"
  checksum: ca76c7e45ec715bfe6c1dd67b780b9a15068f37b37ab56cf8b773537b2654238469a42950f5f4d301212755e7512be888f627752e778e1863d95cfedefc8b8bd
  languageName: node
  linkType: hard

"js-yaml@npm:^4.1.0":
  version: 4.1.0
  resolution: "js-yaml@npm:4.1.0"
  dependencies:
    argparse: "npm:^2.0.1"
  bin:
    js-yaml: bin/js-yaml.js
  checksum: 03ab64a1008a68bb534a223f855c1dd595c0fc6b2800517f555803ed6e96c1cd365e19088ae46a466329a7b77b1e7951589db76a6ea2d525374a4167f69ac776
  languageName: node
  linkType: hard

"jsonfile@npm:^6.0.1":
  version: 6.1.0
  resolution: "jsonfile@npm:6.1.0"
  dependencies:
    graceful-fs: "npm:^4.1.6"
    universalify: "npm:^2.0.0"
  dependenciesMeta:
    graceful-fs:
      optional: true
  checksum: d1fe80d443f7b3257aef1ef918231c9cf8a57127f004f74232869dfa408188b6ccf9d8a6724f7dbf7a6797355969cacfe1f2a16779f4ec636999bfaa876c13b0
  languageName: node
  linkType: hard

"minimatch@npm:^3.1.1":
  version: 3.1.2
  resolution: "minimatch@npm:3.1.2"
  dependencies:
    brace-expansion: "npm:^1.1.7"
  checksum: 97f5615ee8f7c0019277dadef7b2b81e5c60d369cb3155cbfb9da72688aef2edb652b105353ff08a6575ae95a6189d1c09a0829b9c254f60849148457c4d8a66
  languageName: node
  linkType: hard

"minimist@npm:^1.2.6":
  version: 1.2.6
  resolution: "minimist@npm:1.2.6"
  checksum: b0286df020a110fa0173e71d8c9903748eb2cc939396d04a61bc224635393c564bc264d04a16e36d51e5489be513f98d7dbe5c2cf11598da11c91f6a18b9449e
  languageName: node
  linkType: hard

"minipass@npm:^3.0.0":
  version: 3.1.6
  resolution: "minipass@npm:3.1.6"
  dependencies:
    yallist: "npm:^4.0.0"
  checksum: 352a2f87eca475d11c9a486233a2d2c19ce1425309370f42545ca934345bb95ec42a6f0b1e9ac4ee81b7f0046d6cc701feccf7243571d34e655b50c2534ffca6
  languageName: node
  linkType: hard

"minizlib@npm:^2.1.1":
  version: 2.1.2
  resolution: "minizlib@npm:2.1.2"
  dependencies:
    minipass: "npm:^3.0.0"
    yallist: "npm:^4.0.0"
  checksum: c0071edb242d6808652840614193316e82d012b79ff1997352de3df1c19b7580d3d4790c462c8506b1f4225f08162ebba88ebceb1529d168304b06b23757e88d
  languageName: node
  linkType: hard

"mkdirp@npm:^0.5.1":
  version: 0.5.6
  resolution: "mkdirp@npm:0.5.6"
  dependencies:
    minimist: "npm:^1.2.6"
  bin:
    mkdirp: bin/cmd.js
  checksum: 8d9642f5caa481eaf1ec556a101c6a5b1528fa20067afd92115d053dc17043efc52c9b77ade0c0115bca4ebb74169e84cacc7f6004db3d1bd4171e131d512cc5
  languageName: node
  linkType: hard

"mkdirp@npm:^1.0.3":
  version: 1.0.4
  resolution: "mkdirp@npm:1.0.4"
  bin:
    mkdirp: bin/cmd.js
  checksum: 123361119829ab8115234f36ed8ef8f697b0f6f83ec9f9bc8f76da587487976d74bc874ffa892e7a66df607fa8f2cc758eed8db225e9cd3a84846350209e53db
  languageName: node
  linkType: hard

"mri@npm:1.1.6":
  version: 1.1.6
  resolution: "mri@npm:1.1.6"
  checksum: 9a1ef62f0c74ab409810f0025563c9efbbca13bdb4038ac79f2d12c65af6aa62bf563d974d705ff5dbbebc749005dc183be76ea63bae7df76d59bcb6f45d3b33
  languageName: node
  linkType: hard

"ms@npm:2.1.2":
  version: 2.1.2
  resolution: "ms@npm:2.1.2"
  checksum: 3f46af60a08158f1c77746c06c2f6c7aba7feddafd41335f9baa2d7e0741d7539774aa7d5d1661a7f2b7eed55a7063771297eea016051924dbb04d4c2bf40bcb
  languageName: node
  linkType: hard

"once@npm:^1.3.0":
  version: 1.4.0
  resolution: "once@npm:1.4.0"
  dependencies:
    wrappy: "npm:1"
  checksum: 12d5c6ece331855387577e71c96ab5b60269390b131cf9403494206274fa520221c88f8b8d431d7227d080127730460da8907c402ab4142e592c34aacb5c9817
  languageName: node
  linkType: hard

"path-is-absolute@npm:^1.0.0":
  version: 1.0.1
  resolution: "path-is-absolute@npm:1.0.1"
  checksum: 6bb8fef4324c3f744e5d216980aa053095e1fc533d40fa47f9c1adc16be7fa52d3c4858370c7685406c32ab143a4dca0798f2e2c0f57d7937af66d8dd79267f6
  languageName: node
  linkType: hard

"recommended@workspace:.":
  version: 0.0.0-use.local
  resolution: "recommended@workspace:."
  dependencies:
    fs-extra: "npm:^10.1.0"
    js-yaml: "npm:^4.1.0"
    tiged: "npm:^2.11.2"
  languageName: unknown
  linkType: soft

"rimraf@npm:3.0.2":
  version: 3.0.2
  resolution: "rimraf@npm:3.0.2"
  dependencies:
    glob: "npm:^7.1.3"
  bin:
    rimraf: bin.js
  checksum: b786c9ad52df9fbcd9c7120e105f3150b83b39dd87d9235a93b0c7e806575e1e68936504ff64563dbe67b3f8bbbc00bdfff586157d402ee8990e7143456511c0
  languageName: node
  linkType: hard

"rimraf@npm:^2.5.2":
  version: 2.7.1
  resolution: "rimraf@npm:2.7.1"
  dependencies:
    glob: "npm:^7.1.3"
  bin:
    rimraf: ./bin.js
  checksum: 35e2f6ca89242c02380f70895af2caf2b8a31e5a9b05b380ebf0aa5f48005ec9d242eb4fb32d8578a34c42dc012d16866dfc0e0d0b8601ec8c72ff7065755f19
  languageName: node
  linkType: hard

"sander@npm:0.6.0":
  version: 0.6.0
  resolution: "sander@npm:0.6.0"
  dependencies:
    graceful-fs: "npm:^4.1.3"
    mkdirp: "npm:^0.5.1"
    rimraf: "npm:^2.5.2"
  checksum: 3193e741458e3e50feb41b9fd31bafb38b905693ef8a1b1cab0e15aa57ccca2525eb82b0454f19737c6d4ef8f6102a17be717fb68094bb5903982f8ec3e5c78a
  languageName: node
  linkType: hard

"tar@npm:6.1.0":
  version: 6.1.0
  resolution: "tar@npm:6.1.0"
  dependencies:
    chownr: "npm:^2.0.0"
    fs-minipass: "npm:^2.0.0"
    minipass: "npm:^3.0.0"
    minizlib: "npm:^2.1.1"
    mkdirp: "npm:^1.0.3"
    yallist: "npm:^4.0.0"
  checksum: 09ca03494d7c6fb38d9eb8147c2a3cd1f42ba67d7cf52f14b382598cb2752ec73c410cf176cbd3590b45793784c58b25c2cbefe7456fa3a601f00d67021dd27f
  languageName: node
  linkType: hard

"tiged@npm:^2.11.2":
  version: 2.12.0
  resolution: "tiged@npm:2.12.0"
  dependencies:
    colorette: "npm:1.2.1"
    enquirer: "npm:2.3.6"
    fuzzysearch: "npm:1.0.3"
    home-or-tmp: "npm:3.0.0"
    https-proxy-agent: "npm:5.0.0"
    mri: "npm:1.1.6"
    rimraf: "npm:3.0.2"
    sander: "npm:0.6.0"
    tar: "npm:6.1.0"
    tiny-glob: "npm:0.2.8"
  bin:
    degit: bin.js
  checksum: b1e8aa70d61d220a6e101f2163318a5c72a458c4d686127021ea8531f409bb08d6bfcfeb5ab91755c94d4b98ddfcd633603e66d5049f8eb03fd4a989b0000282
  languageName: node
  linkType: hard

"tiny-glob@npm:0.2.8":
  version: 0.2.8
  resolution: "tiny-glob@npm:0.2.8"
  dependencies:
    globalyzer: "npm:0.1.0"
    globrex: "npm:^0.1.2"
  checksum: 6a1acc476c14621df6c0bc607935fad3aabd2fb21023d8d1e26fe6598199646802812986a8b2bf00b6c38a78624a65373e4c18989e63beb8e76847888021458e
  languageName: node
  linkType: hard

"universalify@npm:^2.0.0":
  version: 2.0.0
  resolution: "universalify@npm:2.0.0"
  checksum: 243b0697a640cda1912e62a79f9439ec24b937df9a9a47ee7dd5fe813c4547300a3dc346e0c7c10dbd925f54a19507e8de915f2562a5e694716bdcd0825d48f6
  languageName: node
  linkType: hard

"wrappy@npm:1":
  version: 1.0.2
  resolution: "wrappy@npm:1.0.2"
  checksum: 37d243a577dfeee20586eae1e3208dfb4e4cea1211a2a4116a19b50d91e619ff3dbc5ec934e28ca9baaa11a65df826c8d65c5fd1bb81f0ce0dadb469d47061c2
  languageName: node
  linkType: hard

"yallist@npm:^4.0.0":
  version: 4.0.0
  resolution: "yallist@npm:4.0.0"
  checksum: cd7fe32508c6942d8b979278fbe13846fe88cd6840d78043d08c6b2c74d67ce38b58bd21618dca8a4e132dcc025fc0e66a7d87ca10cf6ed338465607ebff4378
  languageName: node
  linkType: hard
